
Microsoft Visual Studio Solution File, Format Version 12.00
# Visual Studio Version 17
VisualStudioVersion = 17.5.33516.290
MinimumVisualStudioVersion = 10.0.40219.1
Project("{FAE04EC0-301F-11D3-BF4B-00C04F79EFBC}") = "TeleBirr", "TeleBirr\TeleBirr.csproj", "{F6385A09-2BA1-458D-823C-CFE44048665B}"
EndProject
Global
	GlobalSection(SolutionConfigurationPlatforms) = preSolution
		Debug|Any CPU = Debug|Any CPU
		Release|Any CPU = Release|Any CPU
	EndGlobalSection
	GlobalSection(ProjectConfigurationPlatforms) = postSolution
		{F6385A09-2BA1-458D-823C-CFE44048665B}.Debug|Any CPU.ActiveCfg = Debug|Any CPU
		{F6385A09-2BA1-458D-823C-CFE44048665B}.Debug|Any CPU.Build.0 = Debug|Any CPU
		{F6385A09-2BA1-458D-823C-CFE44048665B}.Release|Any CPU.ActiveCfg = Release|Any CPU
		{F6385A09-2BA1-458D-823C-CFE44048665B}.Release|Any CPU.Build.0 = Release|Any CPU
	EndGlobalSection
	GlobalSection(SolutionProperties) = preSolution
		HideSolutionNode = FALSE
	EndGlobalSection
	GlobalSection(ExtensibilityGlobals) = postSolution
		SolutionGuid = {950F62AD-850F-4EB2-8202-87E8A275D14E}
	EndGlobalSection
EndGlobal
